
Microsoft Visual Studio Solution File, Format Version 12.00
# Visual Studio Version 17
VisualStudioVersion = 17.12.35707.178
MinimumVisualStudioVersion = 10.0.40219.1
Project("{FAE04EC0-301F-11D3-BF4B-00C04F79EFBC}") = "Tests", "Tests\Tests.csproj", "{83C00047-34AB-4D5C-ACF6-99D595507A32}"
EndProject
Project("{FAE04EC0-301F-11D3-BF4B-00C04F79EFBC}") = "WebApp", "WebApp\WebApp.csproj", "{07B430E8-0DD1-45C8-8D14-4AD40D07AD4D}"
EndProject
Project("{FAE04EC0-301F-11D3-BF4B-00C04F79EFBC}") = "Core", "Core\Core.csproj", "{F64510E0-D14A-4665-83AE-17698D5DCBBA}"
EndProject
Project("{54A90642-561A-4BB1-A94E-469ADEE60C69}") = "miniapp", "MiniApp\miniapp.esproj", "{DDC6FDDF-D199-4C20-BCDA-4404288517F9}"
EndProject
Global
	GlobalSection(SolutionConfigurationPlatforms) = preSolution
		Debug|Any CPU = Debug|Any CPU
		Release|Any CPU = Release|Any CPU
	EndGlobalSection
	GlobalSection(ProjectConfigurationPlatforms) = postSolution
		{83C00047-34AB-4D5C-ACF6-99D595507A32}.Debug|Any CPU.ActiveCfg = Debug|Any CPU
		{83C00047-34AB-4D5C-ACF6-99D595507A32}.Debug|Any CPU.Build.0 = Debug|Any CPU
		{83C00047-34AB-4D5C-ACF6-99D595507A32}.Release|Any CPU.ActiveCfg = Release|Any CPU
		{83C00047-34AB-4D5C-ACF6-99D595507A32}.Release|Any CPU.Build.0 = Release|Any CPU
		{07B430E8-0DD1-45C8-8D14-4AD40D07AD4D}.Debug|Any CPU.ActiveCfg = Debug|Any CPU
		{07B430E8-0DD1-45C8-8D14-4AD40D07AD4D}.Debug|Any CPU.Build.0 = Debug|Any CPU
		{07B430E8-0DD1-45C8-8D14-4AD40D07AD4D}.Release|Any CPU.ActiveCfg = Release|Any CPU
		{07B430E8-0DD1-45C8-8D14-4AD40D07AD4D}.Release|Any CPU.Build.0 = Release|Any CPU
		{F64510E0-D14A-4665-83AE-17698D5DCBBA}.Debug|Any CPU.ActiveCfg = Debug|Any CPU
		{F64510E0-D14A-4665-83AE-17698D5DCBBA}.Debug|Any CPU.Build.0 = Debug|Any CPU
		{F64510E0-D14A-4665-83AE-17698D5DCBBA}.Release|Any CPU.ActiveCfg = Release|Any CPU
		{F64510E0-D14A-4665-83AE-17698D5DCBBA}.Release|Any CPU.Build.0 = Release|Any CPU
		{DDC6FDDF-D199-4C20-BCDA-4404288517F9}.Debug|Any CPU.ActiveCfg = Debug|Any CPU
		{DDC6FDDF-D199-4C20-BCDA-4404288517F9}.Debug|Any CPU.Build.0 = Debug|Any CPU
		{DDC6FDDF-D199-4C20-BCDA-4404288517F9}.Debug|Any CPU.Deploy.0 = Debug|Any CPU
		{DDC6FDDF-D199-4C20-BCDA-4404288517F9}.Release|Any CPU.ActiveCfg = Release|Any CPU
		{DDC6FDDF-D199-4C20-BCDA-4404288517F9}.Release|Any CPU.Build.0 = Release|Any CPU
		{DDC6FDDF-D199-4C20-BCDA-4404288517F9}.Release|Any CPU.Deploy.0 = Release|Any CPU
	EndGlobalSection
	GlobalSection(SolutionProperties) = preSolution
		HideSolutionNode = FALSE
	EndGlobalSection
EndGlobal
